
Microsoft Visual Studio Solution File, Format Version 12.00
# Visual Studio Version 17
VisualStudioVersion = 17.0.31903.59
MinimumVisualStudioVersion = 10.0.40219.1
Project("{FAE04EC0-301F-11D3-BF4B-00C04F79EFBC}") = "ERP.Auth.Common", "ERP.Auth.Common.csproj", "{C726CE3C-522C-4B67-9348-6F374ED11893}"
EndProject
Project("{FAE04EC0-301F-11D3-BF4B-00C04F79EFBC}") = "ERP.Auth.Common.Tests", "ERP.Auth.Common.Tests\ERP.Auth.Common.Tests.csproj", "{BCA016AF-A953-430F-A227-55D1C0D87ED8}"
EndProject
Project("{FAE04EC0-301F-11D3-BF4B-00C04F79EFBC}") = "ERP.Launcher", "ERP.Launcher\ERP.Launcher.csproj", "{4672E678-A27A-42E9-9C03-6D4AA39387C7}"
EndProject
Project("{FAE04EC0-301F-11D3-BF4B-00C04F79EFBC}") = "ERP.Gateway", "ERP.Gateway\ERP.Gateway.csproj", "{4333DA71-B026-4CA5-9378-ADA60D2D9D36}"
EndProject
Project("{FAE04EC0-301F-11D3-BF4B-00C04F79EFBC}") = "ERP.ServiceDefaults", "ERP.ServiceDefaults\ERP.ServiceDefaults.csproj", "{F8461EAC-6CD3-4EF1-AC60-D3ED1D640637}"
EndProject
Project("{FAE04EC0-301F-11D3-BF4B-00C04F79EFBC}") = "ERP.AppHost", "ERP.AppHost\ERP.AppHost.csproj", "{B8E1FCAA-DF5C-45F3-9A1C-8D9BBC942353}"
EndProject
Global
	GlobalSection(SolutionConfigurationPlatforms) = preSolution
		Debug|Any CPU = Debug|Any CPU
		Debug|x64 = Debug|x64
		Debug|x86 = Debug|x86
		Release|Any CPU = Release|Any CPU
		Release|x64 = Release|x64
		Release|x86 = Release|x86
	EndGlobalSection
	GlobalSection(ProjectConfigurationPlatforms) = postSolution
		{C726CE3C-522C-4B67-9348-6F374ED11893}.Debug|Any CPU.ActiveCfg = Debug|Any CPU
		{C726CE3C-522C-4B67-9348-6F374ED11893}.Debug|Any CPU.Build.0 = Debug|Any CPU
		{C726CE3C-522C-4B67-9348-6F374ED11893}.Debug|x64.ActiveCfg = Debug|Any CPU
		{C726CE3C-522C-4B67-9348-6F374ED11893}.Debug|x64.Build.0 = Debug|Any CPU
		{C726CE3C-522C-4B67-9348-6F374ED11893}.Debug|x86.ActiveCfg = Debug|Any CPU
		{C726CE3C-522C-4B67-9348-6F374ED11893}.Debug|x86.Build.0 = Debug|Any CPU
		{C726CE3C-522C-4B67-9348-6F374ED11893}.Release|Any CPU.ActiveCfg = Release|Any CPU
		{C726CE3C-522C-4B67-9348-6F374ED11893}.Release|Any CPU.Build.0 = Release|Any CPU
		{C726CE3C-522C-4B67-9348-6F374ED11893}.Release|x64.ActiveCfg = Release|Any CPU
		{C726CE3C-522C-4B67-9348-6F374ED11893}.Release|x64.Build.0 = Release|Any CPU
		{C726CE3C-522C-4B67-9348-6F374ED11893}.Release|x86.ActiveCfg = Release|Any CPU
		{C726CE3C-522C-4B67-9348-6F374ED11893}.Release|x86.Build.0 = Release|Any CPU
		{BCA016AF-A953-430F-A227-55D1C0D87ED8}.Debug|Any CPU.ActiveCfg = Debug|Any CPU
		{BCA016AF-A953-430F-A227-55D1C0D87ED8}.Debug|Any CPU.Build.0 = Debug|Any CPU
		{BCA016AF-A953-430F-A227-55D1C0D87ED8}.Debug|x64.ActiveCfg = Debug|Any CPU
		{BCA016AF-A953-430F-A227-55D1C0D87ED8}.Debug|x64.Build.0 = Debug|Any CPU
		{BCA016AF-A953-430F-A227-55D1C0D87ED8}.Debug|x86.ActiveCfg = Debug|Any CPU
		{BCA016AF-A953-430F-A227-55D1C0D87ED8}.Debug|x86.Build.0 = Debug|Any CPU
		{BCA016AF-A953-430F-A227-55D1C0D87ED8}.Release|Any CPU.ActiveCfg = Release|Any CPU
		{BCA016AF-A953-430F-A227-55D1C0D87ED8}.Release|Any CPU.Build.0 = Release|Any CPU
		{BCA016AF-A953-430F-A227-55D1C0D87ED8}.Release|x64.ActiveCfg = Release|Any CPU
		{BCA016AF-A953-430F-A227-55D1C0D87ED8}.Release|x64.Build.0 = Release|Any CPU
		{BCA016AF-A953-430F-A227-55D1C0D87ED8}.Release|x86.ActiveCfg = Release|Any CPU
		{BCA016AF-A953-430F-A227-55D1C0D87ED8}.Release|x86.Build.0 = Release|Any CPU
		{4672E678-A27A-42E9-9C03-6D4AA39387C7}.Debug|Any CPU.ActiveCfg = Debug|Any CPU
		{4672E678-A27A-42E9-9C03-6D4AA39387C7}.Debug|Any CPU.Build.0 = Debug|Any CPU
		{4672E678-A27A-42E9-9C03-6D4AA39387C7}.Debug|x64.ActiveCfg = Debug|Any CPU
		{4672E678-A27A-42E9-9C03-6D4AA39387C7}.Debug|x64.Build.0 = Debug|Any CPU
		{4672E678-A27A-42E9-9C03-6D4AA39387C7}.Debug|x86.ActiveCfg = Debug|Any CPU
		{4672E678-A27A-42E9-9C03-6D4AA39387C7}.Debug|x86.Build.0 = Debug|Any CPU
		{4672E678-A27A-42E9-9C03-6D4AA39387C7}.Release|Any CPU.ActiveCfg = Release|Any CPU
		{4672E678-A27A-42E9-9C03-6D4AA39387C7}.Release|Any CPU.Build.0 = Release|Any CPU
		{4672E678-A27A-42E9-9C03-6D4AA39387C7}.Release|x64.ActiveCfg = Release|Any CPU
		{4672E678-A27A-42E9-9C03-6D4AA39387C7}.Release|x64.Build.0 = Release|Any CPU
		{4672E678-A27A-42E9-9C03-6D4AA39387C7}.Release|x86.ActiveCfg = Release|Any CPU
		{4672E678-A27A-42E9-9C03-6D4AA39387C7}.Release|x86.Build.0 = Release|Any CPU
		{4333DA71-B026-4CA5-9378-ADA60D2D9D36}.Debug|Any CPU.ActiveCfg = Debug|Any CPU
		{4333DA71-B026-4CA5-9378-ADA60D2D9D36}.Debug|Any CPU.Build.0 = Debug|Any CPU
		{4333DA71-B026-4CA5-9378-ADA60D2D9D36}.Debug|x64.ActiveCfg = Debug|Any CPU
		{4333DA71-B026-4CA5-9378-ADA60D2D9D36}.Debug|x64.Build.0 = Debug|Any CPU
		{4333DA71-B026-4CA5-9378-ADA60D2D9D36}.Debug|x86.ActiveCfg = Debug|Any CPU
		{4333DA71-B026-4CA5-9378-ADA60D2D9D36}.Debug|x86.Build.0 = Debug|Any CPU
		{4333DA71-B026-4CA5-9378-ADA60D2D9D36}.Release|Any CPU.ActiveCfg = Release|Any CPU
		{4333DA71-B026-4CA5-9378-ADA60D2D9D36}.Release|Any CPU.Build.0 = Release|Any CPU
		{4333DA71-B026-4CA5-9378-ADA60D2D9D36}.Release|x64.ActiveCfg = Release|Any CPU
		{4333DA71-B026-4CA5-9378-ADA60D2D9D36}.Release|x64.Build.0 = Release|Any CPU
		{4333DA71-B026-4CA5-9378-ADA60D2D9D36}.Release|x86.ActiveCfg = Release|Any CPU
		{4333DA71-B026-4CA5-9378-ADA60D2D9D36}.Release|x86.Build.0 = Release|Any CPU
		{F8461EAC-6CD3-4EF1-AC60-D3ED1D640637}.Debug|Any CPU.ActiveCfg = Debug|Any CPU
		{F8461EAC-6CD3-4EF1-AC60-D3ED1D640637}.Debug|Any CPU.Build.0 = Debug|Any CPU
		{F8461EAC-6CD3-4EF1-AC60-D3ED1D640637}.Debug|x64.ActiveCfg = Debug|Any CPU
		{F8461EAC-6CD3-4EF1-AC60-D3ED1D640637}.Debug|x64.Build.0 = Debug|Any CPU
		{F8461EAC-6CD3-4EF1-AC60-D3ED1D640637}.Debug|x86.ActiveCfg = Debug|Any CPU
		{F8461EAC-6CD3-4EF1-AC60-D3ED1D640637}.Debug|x86.Build.0 = Debug|Any CPU
		{F8461EAC-6CD3-4EF1-AC60-D3ED1D640637}.Release|Any CPU.ActiveCfg = Release|Any CPU
		{F8461EAC-6CD3-4EF1-AC60-D3ED1D640637}.Release|Any CPU.Build.0 = Release|Any CPU
		{F8461EAC-6CD3-4EF1-AC60-D3ED1D640637}.Release|x64.ActiveCfg = Release|Any CPU
		{F8461EAC-6CD3-4EF1-AC60-D3ED1D640637}.Release|x64.Build.0 = Release|Any CPU
		{F8461EAC-6CD3-4EF1-AC60-D3ED1D640637}.Release|x86.ActiveCfg = Release|Any CPU
		{F8461EAC-6CD3-4EF1-AC60-D3ED1D640637}.Release|x86.Build.0 = Release|Any CPU
		{B8E1FCAA-DF5C-45F3-9A1C-8D9BBC942353}.Debug|Any CPU.ActiveCfg = Debug|Any CPU
		{B8E1FCAA-DF5C-45F3-9A1C-8D9BBC942353}.Debug|Any CPU.Build.0 = Debug|Any CPU
		{B8E1FCAA-DF5C-45F3-9A1C-8D9BBC942353}.Debug|x64.ActiveCfg = Debug|Any CPU
		{B8E1FCAA-DF5C-45F3-9A1C-8D9BBC942353}.Debug|x64.Build.0 = Debug|Any CPU
		{B8E1FCAA-DF5C-45F3-9A1C-8D9BBC942353}.Debug|x86.ActiveCfg = Debug|Any CPU
		{B8E1FCAA-DF5C-45F3-9A1C-8D9BBC942353}.Debug|x86.Build.0 = Debug|Any CPU
		{B8E1FCAA-DF5C-45F3-9A1C-8D9BBC942353}.Release|Any CPU.ActiveCfg = Release|Any CPU
		{B8E1FCAA-DF5C-45F3-9A1C-8D9BBC942353}.Release|Any CPU.Build.0 = Release|Any CPU
		{B8E1FCAA-DF5C-45F3-9A1C-8D9BBC942353}.Release|x64.ActiveCfg = Release|Any CPU
		{B8E1FCAA-DF5C-45F3-9A1C-8D9BBC942353}.Release|x64.Build.0 = Release|Any CPU
		{B8E1FCAA-DF5C-45F3-9A1C-8D9BBC942353}.Release|x86.ActiveCfg = Release|Any CPU
		{B8E1FCAA-DF5C-45F3-9A1C-8D9BBC942353}.Release|x86.Build.0 = Release|Any CPU
	EndGlobalSection
	GlobalSection(SolutionProperties) = preSolution
		HideSolutionNode = FALSE
	EndGlobalSection
EndGlobal
